// !$*UTF8*$!
{
	archiveVersion = 1;
	classes = {
	};
	objectVersion = 46;
	objects = {

/* Begin PBXBuildFile section */
		4FBD08C01D93BB3A00C80464 /* AppDelegate.swift in Sources */ = {isa = PBXBuildFile; fileRef = 4FBD08BF1D93BB3A00C80464 /* AppDelegate.swift */; };
		4FBD08C71D93BB3A00C80464 /* Assets.xcassets in Resources */ = {isa = PBXBuildFile; fileRef = 4FBD08C61D93BB3A00C80464 /* Assets.xcassets */; };
		4FBD08CA1D93BB3A00C80464 /* LaunchScreen.storyboard in Resources */ = {isa = PBXBuildFile; fileRef = 4FBD08C81D93BB3A00C80464 /* LaunchScreen.storyboard */; };
		4FBD08D21D93BB5500C80464 /* Download.swift in Sources */ = {isa = PBXBuildFile; fileRef = 4FBD08D11D93BB5500C80464 /* Download.swift */; };
		4FBD08D41D93BB7500C80464 /* Track.swift in Sources */ = {isa = PBXBuildFile; fileRef = 4FBD08D31D93BB7500C80464 /* Track.swift */; };
		4FBD08D61D93BB8900C80464 /* TrackCell.swift in Sources */ = {isa = PBXBuildFile; fileRef = 4FBD08D51D93BB8900C80464 /* TrackCell.swift */; };
		4FBD08D81D93BBAD00C80464 /* SearchViewController.swift in Sources */ = {isa = PBXBuildFile; fileRef = 4FBD08D71D93BBAD00C80464 /* SearchViewController.swift */; };
		4FBD08DA1D93D33700C80464 /* Main.storyboard in Resources */ = {isa = PBXBuildFile; fileRef = 4FBD08D91D93D33700C80464 /* Main.storyboard */; };
/* End PBXBuildFile section */

/* Begin PBXFileReference section */
		4FBD08BC1D93BB3A00C80464 /* HalfTunes.app */ = {isa = PBXFileReference; explicitFileType = wrapper.application; includeInIndex = 0; path = HalfTunes.app; sourceTree = BUILT_PRODUCTS_DIR; };
		4FBD08BF1D93BB3A00C80464 /* AppDelegate.swift */ = {isa = PBXFileReference; lastKnownFileType = sourcecode.swift; path = AppDelegate.swift; sourceTree = "<group>"; };
		4FBD08C61D93BB3A00C80464 /* Assets.xcassets */ = {isa = PBXFileReference; lastKnownFileType = folder.assetcatalog; path = Assets.xcassets; sourceTree = "<group>"; };
		4FBD08C91D93BB3A00C80464 /* Base */ = {isa = PBXFileReference; lastKnownFileType = file.storyboard; name = Base; path = Base.lproj/LaunchScreen.storyboard; sourceTree = "<group>"; };
		4FBD08CB1D93BB3A00C80464 /* Info.plist */ = {isa = PBXFileReference; lastKnownFileType = text.plist.xml; path = Info.plist; sourceTree = "<group>"; };
		4FBD08D11D93BB5500C80464 /* Download.swift */ = {isa = PBXFileReference; fileEncoding = 4; lastKnownFileType = sourcecode.swift; path = Download.swift; sourceTree = "<group>"; };
		4FBD08D31D93BB7500C80464 /* Track.swift */ = {isa = PBXFileReference; fileEncoding = 4; lastKnownFileType = sourcecode.swift; path = Track.swift; sourceTree = "<group>"; };
		4FBD08D51D93BB8900C80464 /* TrackCell.swift */ = {isa = PBXFileReference; fileEncoding = 4; lastKnownFileType = sourcecode.swift; path = TrackCell.swift; sourceTree = "<group>"; };
		4FBD08D71D93BBAD00C80464 /* SearchViewController.swift */ = {isa = PBXFileReference; fileEncoding = 4; lastKnownFileType = sourcecode.swift; path = SearchViewController.swift; sourceTree = "<group>"; };
		4FBD08D91D93D33700C80464 /* Main.storyboard */ = {isa = PBXFileReference; fileEncoding = 4; lastKnownFileType = file.storyboard; path = Main.storyboard; sourceTree = "<group>"; };
/* End PBXFileReference section */

/* Begin PBXFrameworksBuildPhase section */
		4FBD08B91D93BB3A00C80464 /* Frameworks */ = {
			isa = PBXFrameworksBuildPhase;
			buildActionMask = 2147483647;
			files = (
			);
			runOnlyForDeploymentPostprocessing = 0;
		};
/* End PBXFrameworksBuildPhase section */

/* Begin PBXGroup section */
		4FBD08B31D93BB3A00C80464 = {
			isa = PBXGroup;
			children = (
				4FBD08BE1D93BB3A00C80464 /* HalfTunes */,
				4FBD08BD1D93BB3A00C80464 /* Products */,
			);
			sourceTree = "<group>";
		};
		4FBD08BD1D93BB3A00C80464 /* Products */ = {
			isa = PBXGroup;
			children = (
				4FBD08BC1D93BB3A00C80464 /* HalfTunes.app */,
			);
			name = Products;
			sourceTree = "<group>";
		};
		4FBD08BE1D93BB3A00C80464 /* HalfTunes */ = {
			isa = PBXGroup;
			children = (
				4FBD08D91D93D33700C80464 /* Main.storyboard */,
				4FBD08D11D93BB5500C80464 /* Download.swift */,
				4FBD08D31D93BB7500C80464 /* Track.swift */,
				4FBD08D51D93BB8900C80464 /* TrackCell.swift */,
				4FBD08D71D93BBAD00C80464 /* SearchViewController.swift */,
				4FBD08BF1D93BB3A00C80464 /* AppDelegate.swift */,
				4FBD08C61D93BB3A00C80464 /* Assets.xcassets */,
				4FBD08C81D93BB3A00C80464 /* LaunchScreen.storyboard */,
				4FBD08CB1D93BB3A00C80464 /* Info.plist */,
			);
			path = HalfTunes;
			sourceTree = "<group>";
		};
/* End PBXGroup section */

/* Begin PBXNativeTarget section */
		4FBD08BB1D93BB3A00C80464 /* HalfTunes */ = {
			isa = PBXNativeTarget;
			buildConfigurationList = 4FBD08CE1D93BB3A00C80464 /* Build configuration list for PBXNativeTarget "HalfTunes" */;
			buildPhases = (
				4FBD08B81D93BB3A00C80464 /* Sources */,
				4FBD08B91D93BB3A00C80464 /* Frameworks */,
				4FBD08BA1D93BB3A00C80464 /* Resources */,
			);
			buildRules = (
			);
			dependencies = (
			);
			name = HalfTunes;
			productName = HalfTunes;
			productReference = 4FBD08BC1D93BB3A00C80464 /* HalfTunes.app */;
			productType = "com.apple.product-type.application";
		};
/* End PBXNativeTarget section */

/* Begin PBXProject section */
		4FBD08B41D93BB3A00C80464 /* Project object */ = {
			isa = PBXProject;
			attributes = {
				LastSwiftUpdateCheck = 0800;
				LastUpgradeCheck = 0800;
				ORGANIZATIONNAME = Unibas;
				TargetAttributes = {
					4FBD08BB1D93BB3A00C80464 = {
						CreatedOnToolsVersion = 8.0;
						ProvisioningStyle = Manual;
					};
				};
			};
			buildConfigurationList = 4FBD08B71D93BB3A00C80464 /* Build configuration list for PBXProject "HalfTunes" */;
			compatibilityVersion = "Xcode 3.2";
			developmentRegion = English;
			hasScannedForEncodings = 0;
			knownRegions = (
				en,
				Base,
			);
			mainGroup = 4FBD08B31D93BB3A00C80464;
			productRefGroup = 4FBD08BD1D93BB3A00C80464 /* Products */;
			projectDirPath = "";
			projectRoot = "";
			targets = (
				4FBD08BB1D93BB3A00C80464 /* HalfTunes */,
			);
		};
/* End PBXProject section */

/* Begin PBXResourcesBuildPhase section */
		4FBD08BA1D93BB3A00C80464 /* Resources */ = {
			isa = PBXResourcesBuildPhase;
			buildActionMask = 2147483647;
			files = (
				4FBD08CA1D93BB3A00C80464 /* LaunchScreen.storyboard in Resources */,
				4FBD08C71D93BB3A00C80464 /* Assets.xcassets in Resources */,
				4FBD08DA1D93D33700C80464 /* Main.storyboard in Resources */,
			);
			runOnlyForDeploymentPostprocessing = 0;
		};
/* End PBXResourcesBuildPhase section */

/* Begin PBXSourcesBuildPhase section */
		4FBD08B81D93BB3A00C80464 /* Sources */ = {
			isa = PBXSourcesBuildPhase;
			buildActionMask = 2147483647;
			files = (
				4FBD08D81D93BBAD00C80464 /* SearchViewController.swift in Sources */,
				4FBD08D61D93BB8900C80464 /* TrackCell.swift in Sources */,
				4FBD08D21D93BB5500C80464 /* Download.swift in Sources */,
				4FBD08C01D93BB3A00C80464 /* AppDelegate.swift in Sources */,
				4FBD08D41D93BB7500C80464 /* Track.swift in Sources */,
			);
			runOnlyForDeploymentPostprocessing = 0;
		};
/* End PBXSourcesBuildPhase section */

/* Begin PBXVariantGroup section */
		4FBD08C81D93BB3A00C80464 /* LaunchScreen.storyboard */ = {
			isa = PBXVariantGroup;
			children = (
				4FBD08C91D93BB3A00C80464 /* Base */,
			);
			name = LaunchScreen.storyboard;
			sourceTree = "<group>";
		};
/* End PBXVariantGroup section */

/* Begin XCBuildConfiguration section */
		4FBD08CC1D93BB3A00C80464 /* Debug */ = {
			isa = XCBuildConfiguration;
			buildSettings = {
				ALWAYS_SEARCH_USER_PATHS = NO;
				CLANG_ANALYZER_NONNULL = YES;
				CLANG_CXX_LANGUAGE_STANDARD = "gnu++0x";
				CLANG_CXX_LIBRARY = "libc++";
				CLANG_ENABLE_MODULES = YES;
				CLANG_ENABLE_OBJC_ARC = YES;
				CLANG_WARN_BOOL_CONVERSION = YES;
				CLANG_WARN_CONSTANT_CONVERSION = YES;
				CLANG_WARN_DIRECT_OBJC_ISA_USAGE = YES_ERROR;
				CLANG_WARN_DOCUMENTATION_COMMENTS = YES;
				CLANG_WARN_EMPTY_BODY = YES;
				CLANG_WARN_ENUM_CONVERSION = YES;
				CLANG_WARN_INFINITE_RECURSION = YES;
				CLANG_WARN_INT_CONVERSION = YES;
				CLANG_WARN_OBJC_ROOT_CLASS = YES_ERROR;
				CLANG_WARN_SUSPICIOUS_MOVES = YES;
				CLANG_WARN_UNREACHABLE_CODE = YES;
				CLANG_WARN__DUPLICATE_METHOD_MATCH = YES;
				"CODE_SIGN_IDENTITY[sdk=iphoneos*]" = "iPhone Developer";
				COPY_PHASE_STRIP = NO;
				DEBUG_INFORMATION_FORMAT = dwarf;
				ENABLE_STRICT_OBJC_MSGSEND = YES;
				ENABLE_TESTABILITY = YES;
				GCC_C_LANGUAGE_STANDARD = gnu99;
				GCC_DYNAMIC_NO_PIC = NO;
				GCC_NO_COMMON_BLOCKS = YES;
				GCC_OPTIMIZATION_LEVEL = 0;
				GCC_PREPROCESSOR_DEFINITIONS = (
					"DEBUG=1",
					"$(inherited)",
				);
				GCC_WARN_64_TO_32_BIT_CONVERSION = YES;
				GCC_WARN_ABOUT_RETURN_TYPE = YES_ERROR;
				GCC_WARN_UNDECLARED_SELECTOR = YES;
				GCC_WARN_UNINITIALIZED_AUTOS = YES_AGGRESSIVE;
				GCC_WARN_UNUSED_FUNCTION = YES;
				GCC_WARN_UNUSED_VARIABLE = YES;
				IPHONEOS_DEPLOYMENT_TARGET = 10.0;
				MTL_ENABLE_DEBUG_INFO = YES;
				ONLY_ACTIVE_ARCH = YES;
				SDKROOT = iphoneos;
				SWIFT_ACTIVE_COMPILATION_CONDITIONS = DEBUG;
				SWIFT_OPTIMIZATION_LEVEL = "-Onone";
				TARGETED_DEVICE_FAMILY = "1,2";
			};
			name = Debug;
		};
		4FBD08CD1D93BB3A00C80464 /* Release */ = {
			isa = XCBuildConfiguration;
			buildSettings = {
				ALWAYS_SEARCH_USER_PATHS = NO;
				CLANG_ANALYZER_NONNULL = YES;
				CLANG_CXX_LANGUAGE_STANDARD = "gnu++0x";
				CLANG_CXX_LIBRARY = "libc++";
				CLANG_ENABLE_MODULES = YES;
				CLANG_ENABLE_OBJC_ARC = YES;
				CLANG_WARN_BOOL_CONVERSION = YES;
				CLANG_WARN_CONSTANT_CONVERSION = YES;
				CLANG_WARN_DIRECT_OBJC_ISA_USAGE = YES_ERROR;
				CLANG_WARN_DOCUMENTATION_COMMENTS = YES;
				CLANG_WARN_EMPTY_BODY = YES;
				CLANG_WARN_ENUM_CONVERSION = YES;
				CLANG_WARN_INFINITE_RECURSION = YES;
				CLANG_WARN_INT_CONVERSION = YES;
				CLANG_WARN_OBJC_ROOT_CLASS = YES_ERROR;
				CLANG_WARN_SUSPICIOUS_MOVES = YES;
				CLANG_WARN_UNREACHABLE_CODE = YES;
				CLANG_WARN__DUPLICATE_METHOD_MATCH = YES;
				"CODE_SIGN_IDENTITY[sdk=iphoneos*]" = "iPhone Developer";
				COPY_PHASE_STRIP = NO;
				DEBUG_INFORMATION_FORMAT = "dwarf-with-dsym";
				ENABLE_NS_ASSERTIONS = NO;
				ENABLE_STRICT_OBJC_MSGSEND = YES;
				GCC_C_LANGUAGE_STANDARD = gnu99;
				GCC_NO_COMMON_BLOCKS = YES;
				GCC_WARN_64_TO_32_BIT_CONVERSION = YES;
				GCC_WARN_ABOUT_RETURN_TYPE = YES_ERROR;
				GCC_WARN_UNDECLARED_SELECTOR = YES;
				GCC_WARN_UNINITIALIZED_AUTOS = YES_AGGRESSIVE;
				GCC_WARN_UNUSED_FUNCTION = YES;
				GCC_WARN_UNUSED_VARIABLE = YES;
				IPHONEOS_DEPLOYMENT_TARGET = 10.0;
				MTL_ENABLE_DEBUG_INFO = NO;
				SDKROOT = iphoneos;
				SWIFT_OPTIMIZATION_LEVEL = "-Owholemodule";
				TARGETED_DEVICE_FAMILY = "1,2";
				VALIDATE_PRODUCT = YES;
			};
			name = Release;
		};
		4FBD08CF1D93BB3A00C80464 /* Debug */ = {
			isa = XCBuildConfiguration;
			buildSettings = {
				ASSETCATALOG_COMPILER_APPICON_NAME = AppIcon;
				DEVELOPMENT_TEAM = "";
				INFOPLIST_FILE = HalfTunes/Info.plist;
				LD_RUNPATH_SEARCH_PATHS = "$(inherited) @executable_path/Frameworks";
				PRODUCT_BUNDLE_IDENTIFIER = ch.catnip.HalfTunes;
				PRODUCT_NAME = "$(TARGET_NAME)";
				SWIFT_VERSION = 3.0;
			};
			name = Debug;
		};
		4FBD08D01D93BB3A00C80464 /* Release */ = {
			isa = XCBuildConfiguration;
			buildSettings = {
				ASSETCATALOG_COMPILER_APPICON_NAME = AppIcon;
				DEVELOPMENT_TEAM = "";
				INFOPLIST_FILE = HalfTunes/Info.plist;
				LD_RUNPATH_SEARCH_PATHS = "$(inherited) @executable_path/Frameworks";
				PRODUCT_BUNDLE_IDENTIFIER = ch.catnip.HalfTunes;
				PRODUCT_NAME = "$(TARGET_NAME)";
				SWIFT_VERSION = 3.0;
			};
			name = Release;
		};
/* End XCBuildConfiguration section */

/* Begin XCConfigurationList section */
		4FBD08B71D93BB3A00C80464 /* Build configuration list for PBXProject "HalfTunes" */ = {
			isa = XCConfigurationList;
			buildConfigurations = (
				4FBD08CC1D93BB3A00C80464 /* Debug */,
				4FBD08CD1D93BB3A00C80464 /* Release */,
			);
			defaultConfigurationIsVisible = 0;
			defaultConfigurationName = Release;
		};
		4FBD08CE1D93BB3A00C80464 /* Build configuration list for PBXNativeTarget "HalfTunes" */ = {
			isa = XCConfigurationList;
			buildConfigurations = (
				4FBD08CF1D93BB3A00C80464 /* Debug */,
				4FBD08D01D93BB3A00C80464 /* Release */,
			);
			defaultConfigurationIsVisible = 0;
			defaultConfigurationName = Release;
		};
/* End XCConfigurationList section */
	};
	rootObject = 4FBD08B41D93BB3A00C80464 /* Project object */;
}
